
Microsoft Visual Studio Solution File, Format Version 12.00
# Visual Studio Version 16
VisualStudioVersion = 16.0.31515.178
MinimumVisualStudioVersion = 10.0.40219.1
Project("{9A19103F-16F7-4668-BE54-9A1E7A4F7556}") = "MyFancyActorService", "MyFancyActorService.csproj", "{A4B849DA-1E12-4690-B4FF-47D881A953EE}"
EndProject
Project("{FAE04EC0-301F-11D3-BF4B-00C04F79EFBC}") = "demo.interfaces", "..\demo.interfaces\demo.interfaces.csproj", "{16CEC1CD-A51E-497F-B08D-A38D4B2A8D3B}"
EndProject
Project("{FAE04EC0-301F-11D3-BF4B-00C04F79EFBC}") = "MyFancyClient", "..\MyFancyClient\MyFancyClient.csproj", "{515C0652-94EE-4926-B7ED-2E7F35B27415}"
EndProject
Global
	GlobalSection(SolutionConfigurationPlatforms) = preSolution
		Debug|Any CPU = Debug|Any CPU
		Release|Any CPU = Release|Any CPU
	EndGlobalSection
	GlobalSection(ProjectConfigurationPlatforms) = postSolution
		{A4B849DA-1E12-4690-B4FF-47D881A953EE}.Debug|Any CPU.ActiveCfg = Debug|Any CPU
		{A4B849DA-1E12-4690-B4FF-47D881A953EE}.Debug|Any CPU.Build.0 = Debug|Any CPU
		{A4B849DA-1E12-4690-B4FF-47D881A953EE}.Release|Any CPU.ActiveCfg = Release|Any CPU
		{A4B849DA-1E12-4690-B4FF-47D881A953EE}.Release|Any CPU.Build.0 = Release|Any CPU
		{16CEC1CD-A51E-497F-B08D-A38D4B2A8D3B}.Debug|Any CPU.ActiveCfg = Debug|Any CPU
		{16CEC1CD-A51E-497F-B08D-A38D4B2A8D3B}.Debug|Any CPU.Build.0 = Debug|Any CPU
		{16CEC1CD-A51E-497F-B08D-A38D4B2A8D3B}.Release|Any CPU.ActiveCfg = Release|Any CPU
		{16CEC1CD-A51E-497F-B08D-A38D4B2A8D3B}.Release|Any CPU.Build.0 = Release|Any CPU
		{515C0652-94EE-4926-B7ED-2E7F35B27415}.Debug|Any CPU.ActiveCfg = Debug|Any CPU
		{515C0652-94EE-4926-B7ED-2E7F35B27415}.Debug|Any CPU.Build.0 = Debug|Any CPU
		{515C0652-94EE-4926-B7ED-2E7F35B27415}.Release|Any CPU.ActiveCfg = Release|Any CPU
		{515C0652-94EE-4926-B7ED-2E7F35B27415}.Release|Any CPU.Build.0 = Release|Any CPU
	EndGlobalSection
	GlobalSection(SolutionProperties) = preSolution
		HideSolutionNode = FALSE
	EndGlobalSection
	GlobalSection(ExtensibilityGlobals) = postSolution
		SolutionGuid = {1607FDEA-EEA2-4B03-BBCF-0550A0E3689F}
	EndGlobalSection
EndGlobal
